// !$*UTF8*$!
{
	archiveVersion = 1;
	classes = {
	};
	objectVersion = 51;
	objects = {

/* Begin PBXBuildFile section */
		8B3E8A1D6287711FEDB2BD32 /* Pods_iTunesFavoriteAppTests.framework in Frameworks */ = {isa = PBXBuildFile; fileRef = 6F6D5A21F589EAF8FE6D8190 /* Pods_iTunesFavoriteAppTests.framework */; };
		9E41166C23FF704E00465FF8 /* AppDelegate.swift in Sources */ = {isa = PBXBuildFile; fileRef = 9E41166B23FF704E00465FF8 /* AppDelegate.swift */; };
		9E41167523FF704F00465FF8 /* Assets.xcassets in Resources */ = {isa = PBXBuildFile; fileRef = 9E41167423FF704F00465FF8 /* Assets.xcassets */; };
		9E41167823FF704F00465FF8 /* LaunchScreen.storyboard in Resources */ = {isa = PBXBuildFile; fileRef = 9E41167623FF704F00465FF8 /* LaunchScreen.storyboard */; };
		9E41168323FF704F00465FF8 /* iTunesFavoriteAppTests.swift in Sources */ = {isa = PBXBuildFile; fileRef = 9E41168223FF704F00465FF8 /* iTunesFavoriteAppTests.swift */; };
		9E41169323FF745800465FF8 /* ApplicationController.swift in Sources */ = {isa = PBXBuildFile; fileRef = 9E41169223FF745800465FF8 /* ApplicationController.swift */; };
		9E67B8C32400A57C000F23C8 /* ApplicationFactory.swift in Sources */ = {isa = PBXBuildFile; fileRef = 9E67B8C22400A57C000F23C8 /* ApplicationFactory.swift */; };
		9E67B8C72400BD5D000F23C8 /* TrackDetailsContract.swift in Sources */ = {isa = PBXBuildFile; fileRef = 9E67B8C62400BD5D000F23C8 /* TrackDetailsContract.swift */; };
		9E67B8CC2400BF64000F23C8 /* TrackDetailsViewController.swift in Sources */ = {isa = PBXBuildFile; fileRef = 9E67B8CA2400BF64000F23C8 /* TrackDetailsViewController.swift */; };
		9E67B8CD2400BF64000F23C8 /* TrackDetailsViewController.xib in Resources */ = {isa = PBXBuildFile; fileRef = 9E67B8CB2400BF64000F23C8 /* TrackDetailsViewController.xib */; };
		9E67B8CF2400BFD3000F23C8 /* TrackDetailsRouter.swift in Sources */ = {isa = PBXBuildFile; fileRef = 9E67B8CE2400BFD3000F23C8 /* TrackDetailsRouter.swift */; };
		9E67B8D12400CD42000F23C8 /* TrackDetailsPresenter.swift in Sources */ = {isa = PBXBuildFile; fileRef = 9E67B8D02400CD42000F23C8 /* TrackDetailsPresenter.swift */; };
		9E67B8D32400D82E000F23C8 /* TrackDetailsInteractor.swift in Sources */ = {isa = PBXBuildFile; fileRef = 9E67B8D22400D82E000F23C8 /* TrackDetailsInteractor.swift */; };
		9E67B8D62400FB23000F23C8 /* UIViewController+Ex.swift in Sources */ = {isa = PBXBuildFile; fileRef = 9E67B8D52400FB23000F23C8 /* UIViewController+Ex.swift */; };
		9E67B8D92400FF6D000F23C8 /* FavoritesListContract.swift in Sources */ = {isa = PBXBuildFile; fileRef = 9E67B8D82400FF6D000F23C8 /* FavoritesListContract.swift */; };
		9E67B8DD2401004E000F23C8 /* FavoritesListViewController.swift in Sources */ = {isa = PBXBuildFile; fileRef = 9E67B8DB2401004E000F23C8 /* FavoritesListViewController.swift */; };
		9E67B8DE2401004E000F23C8 /* FavoritesListViewController.xib in Resources */ = {isa = PBXBuildFile; fileRef = 9E67B8DC2401004E000F23C8 /* FavoritesListViewController.xib */; };
		9E67B8E0240102D8000F23C8 /* FavoritesListPresenter.swift in Sources */ = {isa = PBXBuildFile; fileRef = 9E67B8DF240102D8000F23C8 /* FavoritesListPresenter.swift */; };
		9E67B8E2240104B3000F23C8 /* FavoritesListInteractor.swift in Sources */ = {isa = PBXBuildFile; fileRef = 9E67B8E1240104B3000F23C8 /* FavoritesListInteractor.swift */; };
		9E67B8E4240106C1000F23C8 /* FavoritesListRouter.swift in Sources */ = {isa = PBXBuildFile; fileRef = 9E67B8E3240106C1000F23C8 /* FavoritesListRouter.swift */; };
		9E82626223FF774C00342A8B /* Environment.swift in Sources */ = {isa = PBXBuildFile; fileRef = 9E82626123FF774C00342A8B /* Environment.swift */; };
		BC9A08352400153300FC73E4 /* ArtistViewController.swift in Sources */ = {isa = PBXBuildFile; fileRef = BC9A08332400153300FC73E4 /* ArtistViewController.swift */; };
		BC9A08362400153300FC73E4 /* ArtistViewController.xib in Resources */ = {isa = PBXBuildFile; fileRef = BC9A08342400153300FC73E4 /* ArtistViewController.xib */; };
		BC9A08382400235100FC73E4 /* ArtistModel.swift in Sources */ = {isa = PBXBuildFile; fileRef = BC9A08372400235100FC73E4 /* ArtistModel.swift */; };
		BC9A083C24003E6000FC73E4 /* ArtistListContract.swift in Sources */ = {isa = PBXBuildFile; fileRef = BC9A083B24003E6000FC73E4 /* ArtistListContract.swift */; };
		BC9A083F2400455B00FC73E4 /* ArtistsListPresentter.swift in Sources */ = {isa = PBXBuildFile; fileRef = BC9A083E2400455B00FC73E4 /* ArtistsListPresentter.swift */; };
		BC9A08412400481300FC73E4 /* ArtistListRouter.swift in Sources */ = {isa = PBXBuildFile; fileRef = BC9A08402400481300FC73E4 /* ArtistListRouter.swift */; };
		BC9A0843240048CB00FC73E4 /* ArtistListInteractor.swift in Sources */ = {isa = PBXBuildFile; fileRef = BC9A0842240048CB00FC73E4 /* ArtistListInteractor.swift */; };
		BC9A084824004B6600FC73E4 /* LocalArtistRepository.swift in Sources */ = {isa = PBXBuildFile; fileRef = BC9A084724004B6600FC73E4 /* LocalArtistRepository.swift */; };
		BC9A084B24004D0E00FC73E4 /* LocalStore.swift in Sources */ = {isa = PBXBuildFile; fileRef = BC9A084A24004D0E00FC73E4 /* LocalStore.swift */; };
		BC9A084D24004DC900FC73E4 /* CoreDataStack.swift in Sources */ = {isa = PBXBuildFile; fileRef = BC9A084C24004DC900FC73E4 /* CoreDataStack.swift */; };
		BC9A08522400561300FC73E4 /* ApiClient.swift in Sources */ = {isa = PBXBuildFile; fileRef = BC9A084F2400561300FC73E4 /* ApiClient.swift */; };
		BC9A08532400561300FC73E4 /* API.swift in Sources */ = {isa = PBXBuildFile; fileRef = BC9A08502400561300FC73E4 /* API.swift */; };
		BC9A08542400561300FC73E4 /* Endpoint.swift in Sources */ = {isa = PBXBuildFile; fileRef = BC9A08512400561300FC73E4 /* Endpoint.swift */; };
		BC9A085B2400592100FC73E4 /* TrackEntity+CoreDataClass.swift in Sources */ = {isa = PBXBuildFile; fileRef = BC9A08592400592100FC73E4 /* TrackEntity+CoreDataClass.swift */; };
		BC9A085C2400592100FC73E4 /* TrackEntity+CoreDataProperties.swift in Sources */ = {isa = PBXBuildFile; fileRef = BC9A085A2400592100FC73E4 /* TrackEntity+CoreDataProperties.swift */; };
		BC9A085E240059FC00FC73E4 /* iTunesModel.xcdatamodel in Sources */ = {isa = PBXBuildFile; fileRef = BC9A085D240059FC00FC73E4 /* iTunesModel.xcdatamodel */; };
		BC9A086024005E6F00FC73E4 /* RemoteArtistRepository.swift in Sources */ = {isa = PBXBuildFile; fileRef = BC9A085F24005E6F00FC73E4 /* RemoteArtistRepository.swift */; };
		EB19EB9C41B7BB6809E9FE7D /* Pods_iTunesFavoriteApp.framework in Frameworks */ = {isa = PBXBuildFile; fileRef = D440DCBFC639E5D2330266E9 /* Pods_iTunesFavoriteApp.framework */; };
/* End PBXBuildFile section */

/* Begin PBXContainerItemProxy section */
		9E41167F23FF704F00465FF8 /* PBXContainerItemProxy */ = {
			isa = PBXContainerItemProxy;
			containerPortal = 9E41166023FF704E00465FF8 /* Project object */;
			proxyType = 1;
			remoteGlobalIDString = 9E41166723FF704E00465FF8;
			remoteInfo = iTunesFavoriteApp;
		};
/* End PBXContainerItemProxy section */

/* Begin PBXFileReference section */
		0675F793198103021BA2C264 /* Pods-iTunesFavoriteAppTests.release.xcconfig */ = {isa = PBXFileReference; includeInIndex = 1; lastKnownFileType = text.xcconfig; name = "Pods-iTunesFavoriteAppTests.release.xcconfig"; path = "Target Support Files/Pods-iTunesFavoriteAppTests/Pods-iTunesFavoriteAppTests.release.xcconfig"; sourceTree = "<group>"; };
		25FE3858F2CC9D8E640E6D24 /* Pods-iTunesFavoriteApp.release.xcconfig */ = {isa = PBXFileReference; includeInIndex = 1; lastKnownFileType = text.xcconfig; name = "Pods-iTunesFavoriteApp.release.xcconfig"; path = "Target Support Files/Pods-iTunesFavoriteApp/Pods-iTunesFavoriteApp.release.xcconfig"; sourceTree = "<group>"; };
		6F6D5A21F589EAF8FE6D8190 /* Pods_iTunesFavoriteAppTests.framework */ = {isa = PBXFileReference; explicitFileType = wrapper.framework; includeInIndex = 0; path = Pods_iTunesFavoriteAppTests.framework; sourceTree = BUILT_PRODUCTS_DIR; };
		9E41166823FF704E00465FF8 /* iTunesFavoriteApp.app */ = {isa = PBXFileReference; explicitFileType = wrapper.application; includeInIndex = 0; path = iTunesFavoriteApp.app; sourceTree = BUILT_PRODUCTS_DIR; };
		9E41166B23FF704E00465FF8 /* AppDelegate.swift */ = {isa = PBXFileReference; lastKnownFileType = sourcecode.swift; path = AppDelegate.swift; sourceTree = "<group>"; };
		9E41167423FF704F00465FF8 /* Assets.xcassets */ = {isa = PBXFileReference; lastKnownFileType = folder.assetcatalog; path = Assets.xcassets; sourceTree = "<group>"; };
		9E41167723FF704F00465FF8 /* Base */ = {isa = PBXFileReference; lastKnownFileType = file.storyboard; name = Base; path = Base.lproj/LaunchScreen.storyboard; sourceTree = "<group>"; };
		9E41167923FF704F00465FF8 /* Info.plist */ = {isa = PBXFileReference; lastKnownFileType = text.plist.xml; path = Info.plist; sourceTree = "<group>"; };
		9E41167E23FF704F00465FF8 /* iTunesFavoriteAppTests.xctest */ = {isa = PBXFileReference; explicitFileType = wrapper.cfbundle; includeInIndex = 0; path = iTunesFavoriteAppTests.xctest; sourceTree = BUILT_PRODUCTS_DIR; };
		9E41168223FF704F00465FF8 /* iTunesFavoriteAppTests.swift */ = {isa = PBXFileReference; lastKnownFileType = sourcecode.swift; path = iTunesFavoriteAppTests.swift; sourceTree = "<group>"; };
		9E41168423FF704F00465FF8 /* Info.plist */ = {isa = PBXFileReference; lastKnownFileType = text.plist.xml; path = Info.plist; sourceTree = "<group>"; };
		9E41169223FF745800465FF8 /* ApplicationController.swift */ = {isa = PBXFileReference; lastKnownFileType = sourcecode.swift; path = ApplicationController.swift; sourceTree = "<group>"; };
		9E67B8C22400A57C000F23C8 /* ApplicationFactory.swift */ = {isa = PBXFileReference; lastKnownFileType = sourcecode.swift; name = ApplicationFactory.swift; path = "iTunesFavoriteApp/app-model/extensions/ApplicationFactory.swift"; sourceTree = SOURCE_ROOT; };
		9E67B8C62400BD5D000F23C8 /* TrackDetailsContract.swift */ = {isa = PBXFileReference; lastKnownFileType = sourcecode.swift; path = TrackDetailsContract.swift; sourceTree = "<group>"; };
		9E67B8CA2400BF64000F23C8 /* TrackDetailsViewController.swift */ = {isa = PBXFileReference; lastKnownFileType = sourcecode.swift; path = TrackDetailsViewController.swift; sourceTree = "<group>"; };
		9E67B8CB2400BF64000F23C8 /* TrackDetailsViewController.xib */ = {isa = PBXFileReference; lastKnownFileType = file.xib; path = TrackDetailsViewController.xib; sourceTree = "<group>"; };
		9E67B8CE2400BFD3000F23C8 /* TrackDetailsRouter.swift */ = {isa = PBXFileReference; lastKnownFileType = sourcecode.swift; path = TrackDetailsRouter.swift; sourceTree = "<group>"; };
		9E67B8D02400CD42000F23C8 /* TrackDetailsPresenter.swift */ = {isa = PBXFileReference; lastKnownFileType = sourcecode.swift; path = TrackDetailsPresenter.swift; sourceTree = "<group>"; };
		9E67B8D22400D82E000F23C8 /* TrackDetailsInteractor.swift */ = {isa = PBXFileReference; lastKnownFileType = sourcecode.swift; path = TrackDetailsInteractor.swift; sourceTree = "<group>"; };
		9E67B8D52400FB23000F23C8 /* UIViewController+Ex.swift */ = {isa = PBXFileReference; fileEncoding = 4; lastKnownFileType = sourcecode.swift; path = "UIViewController+Ex.swift"; sourceTree = "<group>"; };
		9E67B8D82400FF6D000F23C8 /* FavoritesListContract.swift */ = {isa = PBXFileReference; lastKnownFileType = sourcecode.swift; path = FavoritesListContract.swift; sourceTree = "<group>"; };
		9E67B8DB2401004E000F23C8 /* FavoritesListViewController.swift */ = {isa = PBXFileReference; lastKnownFileType = sourcecode.swift; path = FavoritesListViewController.swift; sourceTree = "<group>"; };
		9E67B8DC2401004E000F23C8 /* FavoritesListViewController.xib */ = {isa = PBXFileReference; lastKnownFileType = file.xib; path = FavoritesListViewController.xib; sourceTree = "<group>"; };
		9E67B8DF240102D8000F23C8 /* FavoritesListPresenter.swift */ = {isa = PBXFileReference; lastKnownFileType = sourcecode.swift; path = FavoritesListPresenter.swift; sourceTree = "<group>"; };
		9E67B8E1240104B3000F23C8 /* FavoritesListInteractor.swift */ = {isa = PBXFileReference; lastKnownFileType = sourcecode.swift; path = FavoritesListInteractor.swift; sourceTree = "<group>"; };
		9E67B8E3240106C1000F23C8 /* FavoritesListRouter.swift */ = {isa = PBXFileReference; lastKnownFileType = sourcecode.swift; path = FavoritesListRouter.swift; sourceTree = "<group>"; };
		9E82626123FF774C00342A8B /* Environment.swift */ = {isa = PBXFileReference; lastKnownFileType = sourcecode.swift; path = Environment.swift; sourceTree = "<group>"; };
		BC9A08332400153300FC73E4 /* ArtistViewController.swift */ = {isa = PBXFileReference; lastKnownFileType = sourcecode.swift; path = ArtistViewController.swift; sourceTree = "<group>"; };
		BC9A08342400153300FC73E4 /* ArtistViewController.xib */ = {isa = PBXFileReference; lastKnownFileType = file.xib; path = ArtistViewController.xib; sourceTree = "<group>"; };
		BC9A08372400235100FC73E4 /* ArtistModel.swift */ = {isa = PBXFileReference; lastKnownFileType = sourcecode.swift; path = ArtistModel.swift; sourceTree = "<group>"; };
		BC9A083B24003E6000FC73E4 /* ArtistListContract.swift */ = {isa = PBXFileReference; lastKnownFileType = sourcecode.swift; path = ArtistListContract.swift; sourceTree = "<group>"; };
		BC9A083E2400455B00FC73E4 /* ArtistsListPresentter.swift */ = {isa = PBXFileReference; lastKnownFileType = sourcecode.swift; path = ArtistsListPresentter.swift; sourceTree = "<group>"; };
		BC9A08402400481300FC73E4 /* ArtistListRouter.swift */ = {isa = PBXFileReference; lastKnownFileType = sourcecode.swift; path = ArtistListRouter.swift; sourceTree = "<group>"; };
		BC9A0842240048CB00FC73E4 /* ArtistListInteractor.swift */ = {isa = PBXFileReference; lastKnownFileType = sourcecode.swift; path = ArtistListInteractor.swift; sourceTree = "<group>"; };
		BC9A084724004B6600FC73E4 /* LocalArtistRepository.swift */ = {isa = PBXFileReference; lastKnownFileType = sourcecode.swift; path = LocalArtistRepository.swift; sourceTree = "<group>"; };
		BC9A084A24004D0E00FC73E4 /* LocalStore.swift */ = {isa = PBXFileReference; lastKnownFileType = sourcecode.swift; path = LocalStore.swift; sourceTree = "<group>"; };
		BC9A084C24004DC900FC73E4 /* CoreDataStack.swift */ = {isa = PBXFileReference; lastKnownFileType = sourcecode.swift; path = CoreDataStack.swift; sourceTree = "<group>"; };
		BC9A084F2400561300FC73E4 /* ApiClient.swift */ = {isa = PBXFileReference; fileEncoding = 4; lastKnownFileType = sourcecode.swift; path = ApiClient.swift; sourceTree = "<group>"; };
		BC9A08502400561300FC73E4 /* API.swift */ = {isa = PBXFileReference; fileEncoding = 4; lastKnownFileType = sourcecode.swift; path = API.swift; sourceTree = "<group>"; };
		BC9A08512400561300FC73E4 /* Endpoint.swift */ = {isa = PBXFileReference; fileEncoding = 4; lastKnownFileType = sourcecode.swift; path = Endpoint.swift; sourceTree = "<group>"; };
		BC9A08592400592100FC73E4 /* TrackEntity+CoreDataClass.swift */ = {isa = PBXFileReference; fileEncoding = 4; lastKnownFileType = sourcecode.swift; path = "TrackEntity+CoreDataClass.swift"; sourceTree = "<group>"; };
		BC9A085A2400592100FC73E4 /* TrackEntity+CoreDataProperties.swift */ = {isa = PBXFileReference; fileEncoding = 4; lastKnownFileType = sourcecode.swift; path = "TrackEntity+CoreDataProperties.swift"; sourceTree = "<group>"; };
		BC9A085D240059FC00FC73E4 /* iTunesModel.xcdatamodel */ = {isa = PBXFileReference; lastKnownFileType = wrapper.xcdatamodel; path = iTunesModel.xcdatamodel; sourceTree = "<group>"; };
		BC9A085F24005E6F00FC73E4 /* RemoteArtistRepository.swift */ = {isa = PBXFileReference; lastKnownFileType = sourcecode.swift; path = RemoteArtistRepository.swift; sourceTree = "<group>"; };
		D440DCBFC639E5D2330266E9 /* Pods_iTunesFavoriteApp.framework */ = {isa = PBXFileReference; explicitFileType = wrapper.framework; includeInIndex = 0; path = Pods_iTunesFavoriteApp.framework; sourceTree = BUILT_PRODUCTS_DIR; };
		DA034F1C78A673FDF7F08B8C /* Pods-iTunesFavoriteApp.debug.xcconfig */ = {isa = PBXFileReference; includeInIndex = 1; lastKnownFileType = text.xcconfig; name = "Pods-iTunesFavoriteApp.debug.xcconfig"; path = "Target Support Files/Pods-iTunesFavoriteApp/Pods-iTunesFavoriteApp.debug.xcconfig"; sourceTree = "<group>"; };
		EF0D2C4714DC6CBEF2FF4548 /* Pods-iTunesFavoriteAppTests.debug.xcconfig */ = {isa = PBXFileReference; includeInIndex = 1; lastKnownFileType = text.xcconfig; name = "Pods-iTunesFavoriteAppTests.debug.xcconfig"; path = "Target Support Files/Pods-iTunesFavoriteAppTests/Pods-iTunesFavoriteAppTests.debug.xcconfig"; sourceTree = "<group>"; };
/* End PBXFileReference section */

/* Begin PBXFrameworksBuildPhase section */
		9E41166523FF704E00465FF8 /* Frameworks */ = {
			isa = PBXFrameworksBuildPhase;
			buildActionMask = 2147483647;
			files = (
				EB19EB9C41B7BB6809E9FE7D /* Pods_iTunesFavoriteApp.framework in Frameworks */,
			);
			runOnlyForDeploymentPostprocessing = 0;
		};
		9E41167B23FF704F00465FF8 /* Frameworks */ = {
			isa = PBXFrameworksBuildPhase;
			buildActionMask = 2147483647;
			files = (
				8B3E8A1D6287711FEDB2BD32 /* Pods_iTunesFavoriteAppTests.framework in Frameworks */,
			);
			runOnlyForDeploymentPostprocessing = 0;
		};
/* End PBXFrameworksBuildPhase section */

/* Begin PBXGroup section */
		16C6F77F26BB8155363EE7DD /* Pods */ = {
			isa = PBXGroup;
			children = (
				DA034F1C78A673FDF7F08B8C /* Pods-iTunesFavoriteApp.debug.xcconfig */,
				25FE3858F2CC9D8E640E6D24 /* Pods-iTunesFavoriteApp.release.xcconfig */,
				EF0D2C4714DC6CBEF2FF4548 /* Pods-iTunesFavoriteAppTests.debug.xcconfig */,
				0675F793198103021BA2C264 /* Pods-iTunesFavoriteAppTests.release.xcconfig */,
			);
			path = Pods;
			sourceTree = "<group>";
		};
		29FB5501E98F1B3EE8AEFCD5 /* Frameworks */ = {
			isa = PBXGroup;
			children = (
				D440DCBFC639E5D2330266E9 /* Pods_iTunesFavoriteApp.framework */,
				6F6D5A21F589EAF8FE6D8190 /* Pods_iTunesFavoriteAppTests.framework */,
			);
			name = Frameworks;
			sourceTree = "<group>";
		};
		9E41165F23FF704E00465FF8 = {
			isa = PBXGroup;
			children = (
				9E41166A23FF704E00465FF8 /* iTunesFavoriteApp */,
				9E41168123FF704F00465FF8 /* iTunesFavoriteAppTests */,
				9E41166923FF704E00465FF8 /* Products */,
				16C6F77F26BB8155363EE7DD /* Pods */,
				29FB5501E98F1B3EE8AEFCD5 /* Frameworks */,
			);
			sourceTree = "<group>";
		};
		9E41166923FF704E00465FF8 /* Products */ = {
			isa = PBXGroup;
			children = (
				9E41166823FF704E00465FF8 /* iTunesFavoriteApp.app */,
				9E41167E23FF704F00465FF8 /* iTunesFavoriteAppTests.xctest */,
			);
			name = Products;
			sourceTree = "<group>";
		};
		9E41166A23FF704E00465FF8 /* iTunesFavoriteApp */ = {
			isa = PBXGroup;
			children = (
				9E41168E23FF72BA00465FF8 /* app */,
				9E41168F23FF72CF00465FF8 /* app-resources */,
				9E41169023FF73E600465FF8 /* app-model */,
				BC9A0830240014D600FC73E4 /* app-modules */,
				BC9A084424004ABB00FC73E4 /* app-factory */,
			);
			path = iTunesFavoriteApp;
			sourceTree = "<group>";
		};
		9E41168123FF704F00465FF8 /* iTunesFavoriteAppTests */ = {
			isa = PBXGroup;
			children = (
				9E41168223FF704F00465FF8 /* iTunesFavoriteAppTests.swift */,
				9E41168423FF704F00465FF8 /* Info.plist */,
			);
			path = iTunesFavoriteAppTests;
			sourceTree = "<group>";
		};
		9E41168E23FF72BA00465FF8 /* app */ = {
			isa = PBXGroup;
			children = (
				9E41166B23FF704E00465FF8 /* AppDelegate.swift */,
			);
			path = app;
			sourceTree = "<group>";
		};
		9E41168F23FF72CF00465FF8 /* app-resources */ = {
			isa = PBXGroup;
			children = (
				9E41167423FF704F00465FF8 /* Assets.xcassets */,
				9E41167623FF704F00465FF8 /* LaunchScreen.storyboard */,
				9E41167923FF704F00465FF8 /* Info.plist */,
			);
			path = "app-resources";
			sourceTree = "<group>";
		};
		9E41169023FF73E600465FF8 /* app-model */ = {
			isa = PBXGroup;
			children = (
				9E67B8D42400FB1B000F23C8 /* ui */,
				BC9A08552400589500FC73E4 /* data */,
				BC9A084E2400561300FC73E4 /* network */,
				BC9A084524004AEB00FC73E4 /* domain */,
				BC9A084924004CF800FC73E4 /* store */,
				BC9A084624004B3600FC73E4 /* repositories */,
				9E82626023FF773E00342A8B /* config */,
				9E41169223FF745800465FF8 /* ApplicationController.swift */,
			);
			path = "app-model";
			sourceTree = "<group>";
		};
		9E67B8C42400BCDA000F23C8 /* TrackDetails */ = {
			isa = PBXGroup;
			children = (
				9E67B8C62400BD5D000F23C8 /* TrackDetailsContract.swift */,
				9E67B8CE2400BFD3000F23C8 /* TrackDetailsRouter.swift */,
				9E67B8D22400D82E000F23C8 /* TrackDetailsInteractor.swift */,
				9E67B8D02400CD42000F23C8 /* TrackDetailsPresenter.swift */,
				9E67B8C82400BF39000F23C8 /* viewControllers */,
			);
			path = TrackDetails;
			sourceTree = "<group>";
		};
		9E67B8C82400BF39000F23C8 /* viewControllers */ = {
			isa = PBXGroup;
			children = (
				9E67B8CA2400BF64000F23C8 /* TrackDetailsViewController.swift */,
				9E67B8CB2400BF64000F23C8 /* TrackDetailsViewController.xib */,
			);
			path = viewControllers;
			sourceTree = "<group>";
		};
		9E67B8D42400FB1B000F23C8 /* ui */ = {
			isa = PBXGroup;
			children = (
				9E67B8D52400FB23000F23C8 /* UIViewController+Ex.swift */,
			);
			path = ui;
			sourceTree = "<group>";
		};
		9E67B8D72400FE58000F23C8 /* Favorites */ = {
			isa = PBXGroup;
			children = (
				9E67B8D82400FF6D000F23C8 /* FavoritesListContract.swift */,
				9E67B8E1240104B3000F23C8 /* FavoritesListInteractor.swift */,
				9E67B8DF240102D8000F23C8 /* FavoritesListPresenter.swift */,
				9E67B8E3240106C1000F23C8 /* FavoritesListRouter.swift */,
				9E67B8DA2401003A000F23C8 /* ViewControllers */,
			);
			path = Favorites;
			sourceTree = "<group>";
		};
		9E67B8DA2401003A000F23C8 /* ViewControllers */ = {
			isa = PBXGroup;
			children = (
				9E67B8DB2401004E000F23C8 /* FavoritesListViewController.swift */,
				9E67B8DC2401004E000F23C8 /* FavoritesListViewController.xib */,
			);
			path = ViewControllers;
			sourceTree = "<group>";
		};
		9E82626023FF773E00342A8B /* config */ = {
			isa = PBXGroup;
			children = (
				9E82626123FF774C00342A8B /* Environment.swift */,
			);
			path = config;
			sourceTree = "<group>";
		};
		BC9A0830240014D600FC73E4 /* app-modules */ = {
			isa = PBXGroup;
			children = (
				9E67B8D72400FE58000F23C8 /* Favorites */,
				9E67B8C42400BCDA000F23C8 /* TrackDetails */,
				BC9A083924003D6800FC73E4 /* ArtistList */,
			);
			path = "app-modules";
			sourceTree = "<group>";
		};
		BC9A083924003D6800FC73E4 /* ArtistList */ = {
			isa = PBXGroup;
			children = (
				BC9A083B24003E6000FC73E4 /* ArtistListContract.swift */,
				BC9A0842240048CB00FC73E4 /* ArtistListInteractor.swift */,
				BC9A083E2400455B00FC73E4 /* ArtistsListPresentter.swift */,
				BC9A08402400481300FC73E4 /* ArtistListRouter.swift */,
				BC9A083D240041D800FC73E4 /* ViewControllers */,
			);
			path = ArtistList;
			sourceTree = "<group>";
		};
		BC9A083D240041D800FC73E4 /* ViewControllers */ = {
			isa = PBXGroup;
			children = (
				BC9A08332400153300FC73E4 /* ArtistViewController.swift */,
				BC9A08342400153300FC73E4 /* ArtistViewController.xib */,
			);
			path = ViewControllers;
			sourceTree = "<group>";
		};
		BC9A084424004ABB00FC73E4 /* app-factory */ = {
			isa = PBXGroup;
			children = (
				9E67B8C22400A57C000F23C8 /* ApplicationFactory.swift */,
			);
			path = "app-factory";
			sourceTree = "<group>";
		};
		BC9A084524004AEB00FC73E4 /* domain */ = {
			isa = PBXGroup;
			children = (
				BC9A08372400235100FC73E4 /* ArtistModel.swift */,
			);
			path = domain;
			sourceTree = "<group>";
		};
		BC9A084624004B3600FC73E4 /* repositories */ = {
			isa = PBXGroup;
			children = (
				BC9A084724004B6600FC73E4 /* LocalArtistRepository.swift */,
				BC9A085F24005E6F00FC73E4 /* RemoteArtistRepository.swift */,
			);
			path = repositories;
			sourceTree = "<group>";
		};
		BC9A084924004CF800FC73E4 /* store */ = {
			isa = PBXGroup;
			children = (
				BC9A084A24004D0E00FC73E4 /* LocalStore.swift */,
				BC9A084C24004DC900FC73E4 /* CoreDataStack.swift */,
			);
			path = store;
			sourceTree = "<group>";
		};
		BC9A084E2400561300FC73E4 /* network */ = {
			isa = PBXGroup;
			children = (
				BC9A084F2400561300FC73E4 /* ApiClient.swift */,
				BC9A08502400561300FC73E4 /* API.swift */,
				BC9A08512400561300FC73E4 /* Endpoint.swift */,
			);
			path = network;
			sourceTree = "<group>";
		};
		BC9A08552400589500FC73E4 /* data */ = {
			isa = PBXGroup;
			children = (
				BC9A085D240059FC00FC73E4 /* iTunesModel.xcdatamodel */,
				BC9A08592400592100FC73E4 /* TrackEntity+CoreDataClass.swift */,
				BC9A085A2400592100FC73E4 /* TrackEntity+CoreDataProperties.swift */,
			);
			path = data;
			sourceTree = "<group>";
		};
/* End PBXGroup section */

/* Begin PBXNativeTarget section */
		9E41166723FF704E00465FF8 /* iTunesFavoriteApp */ = {
			isa = PBXNativeTarget;
			buildConfigurationList = 9E41168723FF704F00465FF8 /* Build configuration list for PBXNativeTarget "iTunesFavoriteApp" */;
			buildPhases = (
				D17AF1D71E8B098EE8714B6E /* [CP] Check Pods Manifest.lock */,
				9E41166423FF704E00465FF8 /* Sources */,
				9E41166523FF704E00465FF8 /* Frameworks */,
				9E41166623FF704E00465FF8 /* Resources */,
				695950C770CE853103CEC1CA /* [CP] Embed Pods Frameworks */,
			);
			buildRules = (
			);
			dependencies = (
			);
			name = iTunesFavoriteApp;
			productName = iTunesFavoriteApp;
			productReference = 9E41166823FF704E00465FF8 /* iTunesFavoriteApp.app */;
			productType = "com.apple.product-type.application";
		};
		9E41167D23FF704F00465FF8 /* iTunesFavoriteAppTests */ = {
			isa = PBXNativeTarget;
			buildConfigurationList = 9E41168A23FF704F00465FF8 /* Build configuration list for PBXNativeTarget "iTunesFavoriteAppTests" */;
			buildPhases = (
				37CB2F98379950AF691EE7D6 /* [CP] Check Pods Manifest.lock */,
				9E41167A23FF704F00465FF8 /* Sources */,
				9E41167B23FF704F00465FF8 /* Frameworks */,
				9E41167C23FF704F00465FF8 /* Resources */,
			);
			buildRules = (
			);
			dependencies = (
				9E41168023FF704F00465FF8 /* PBXTargetDependency */,
			);
			name = iTunesFavoriteAppTests;
			productName = iTunesFavoriteAppTests;
			productReference = 9E41167E23FF704F00465FF8 /* iTunesFavoriteAppTests.xctest */;
			productType = "com.apple.product-type.bundle.unit-test";
		};
/* End PBXNativeTarget section */

/* Begin PBXProject section */
		9E41166023FF704E00465FF8 /* Project object */ = {
			isa = PBXProject;
			attributes = {
				LastSwiftUpdateCheck = 1130;
				LastUpgradeCheck = 1130;
				ORGANIZATIONNAME = slacker;
				TargetAttributes = {
					9E41166723FF704E00465FF8 = {
						CreatedOnToolsVersion = 11.3.1;
					};
					9E41167D23FF704F00465FF8 = {
						CreatedOnToolsVersion = 11.3.1;
						TestTargetID = 9E41166723FF704E00465FF8;
					};
				};
			};
			buildConfigurationList = 9E41166323FF704E00465FF8 /* Build configuration list for PBXProject "iTunesFavoriteApp" */;
			compatibilityVersion = "Xcode 9.3";
			developmentRegion = en;
			hasScannedForEncodings = 0;
			knownRegions = (
				en,
				Base,
			);
			mainGroup = 9E41165F23FF704E00465FF8;
			productRefGroup = 9E41166923FF704E00465FF8 /* Products */;
			projectDirPath = "";
			projectRoot = "";
			targets = (
				9E41166723FF704E00465FF8 /* iTunesFavoriteApp */,
				9E41167D23FF704F00465FF8 /* iTunesFavoriteAppTests */,
			);
		};
/* End PBXProject section */

/* Begin PBXResourcesBuildPhase section */
		9E41166623FF704E00465FF8 /* Resources */ = {
			isa = PBXResourcesBuildPhase;
			buildActionMask = 2147483647;
			files = (
				9E41167823FF704F00465FF8 /* LaunchScreen.storyboard in Resources */,
				9E67B8CD2400BF64000F23C8 /* TrackDetailsViewController.xib in Resources */,
				9E41167523FF704F00465FF8 /* Assets.xcassets in Resources */,
				9E67B8DE2401004E000F23C8 /* FavoritesListViewController.xib in Resources */,
				BC9A08362400153300FC73E4 /* ArtistViewController.xib in Resources */,
			);
			runOnlyForDeploymentPostprocessing = 0;
		};
		9E41167C23FF704F00465FF8 /* Resources */ = {
			isa = PBXResourcesBuildPhase;
			buildActionMask = 2147483647;
			files = (
			);
			runOnlyForDeploymentPostprocessing = 0;
		};
/* End PBXResourcesBuildPhase section */

/* Begin PBXShellScriptBuildPhase section */
		37CB2F98379950AF691EE7D6 /* [CP] Check Pods Manifest.lock */ = {
			isa = PBXShellScriptBuildPhase;
			buildActionMask = 2147483647;
			files = (
			);
			inputFileListPaths = (
			);
			inputPaths = (
				"${PODS_PODFILE_DIR_PATH}/Podfile.lock",
				"${PODS_ROOT}/Manifest.lock",
			);
			name = "[CP] Check Pods Manifest.lock";
			outputFileListPaths = (
			);
			outputPaths = (
				"$(DERIVED_FILE_DIR)/Pods-iTunesFavoriteAppTests-checkManifestLockResult.txt",
			);
			runOnlyForDeploymentPostprocessing = 0;
			shellPath = /bin/sh;
			shellScript = "diff \"${PODS_PODFILE_DIR_PATH}/Podfile.lock\" \"${PODS_ROOT}/Manifest.lock\" > /dev/null\nif [ $? != 0 ] ; then\n    # print error to STDERR\n    echo \"error: The sandbox is not in sync with the Podfile.lock. Run 'pod install' or update your CocoaPods installation.\" >&2\n    exit 1\nfi\n# This output is used by Xcode 'outputs' to avoid re-running this script phase.\necho \"SUCCESS\" > \"${SCRIPT_OUTPUT_FILE_0}\"\n";
			showEnvVarsInLog = 0;
		};
		695950C770CE853103CEC1CA /* [CP] Embed Pods Frameworks */ = {
			isa = PBXShellScriptBuildPhase;
			buildActionMask = 2147483647;
			files = (
			);
			inputFileListPaths = (
				"${PODS_ROOT}/Target Support Files/Pods-iTunesFavoriteApp/Pods-iTunesFavoriteApp-frameworks-${CONFIGURATION}-input-files.xcfilelist",
			);
			name = "[CP] Embed Pods Frameworks";
			outputFileListPaths = (
				"${PODS_ROOT}/Target Support Files/Pods-iTunesFavoriteApp/Pods-iTunesFavoriteApp-frameworks-${CONFIGURATION}-output-files.xcfilelist",
			);
			runOnlyForDeploymentPostprocessing = 0;
			shellPath = /bin/sh;
			shellScript = "\"${PODS_ROOT}/Target Support Files/Pods-iTunesFavoriteApp/Pods-iTunesFavoriteApp-frameworks.sh\"\n";
			showEnvVarsInLog = 0;
		};
		D17AF1D71E8B098EE8714B6E /* [CP] Check Pods Manifest.lock */ = {
			isa = PBXShellScriptBuildPhase;
			buildActionMask = 2147483647;
			files = (
			);
			inputFileListPaths = (
			);
			inputPaths = (
				"${PODS_PODFILE_DIR_PATH}/Podfile.lock",
				"${PODS_ROOT}/Manifest.lock",
			);
			name = "[CP] Check Pods Manifest.lock";
			outputFileListPaths = (
			);
			outputPaths = (
				"$(DERIVED_FILE_DIR)/Pods-iTunesFavoriteApp-checkManifestLockResult.txt",
			);
			runOnlyForDeploymentPostprocessing = 0;
			shellPath = /bin/sh;
			shellScript = "diff \"${PODS_PODFILE_DIR_PATH}/Podfile.lock\" \"${PODS_ROOT}/Manifest.lock\" > /dev/null\nif [ $? != 0 ] ; then\n    # print error to STDERR\n    echo \"error: The sandbox is not in sync with the Podfile.lock. Run 'pod install' or update your CocoaPods installation.\" >&2\n    exit 1\nfi\n# This output is used by Xcode 'outputs' to avoid re-running this script phase.\necho \"SUCCESS\" > \"${SCRIPT_OUTPUT_FILE_0}\"\n";
			showEnvVarsInLog = 0;
		};
/* End PBXShellScriptBuildPhase section */

/* Begin PBXSourcesBuildPhase section */
		9E41166423FF704E00465FF8 /* Sources */ = {
			isa = PBXSourcesBuildPhase;
			buildActionMask = 2147483647;
			files = (
				9E41169323FF745800465FF8 /* ApplicationController.swift in Sources */,
				9E67B8D32400D82E000F23C8 /* TrackDetailsInteractor.swift in Sources */,
				9E67B8DD2401004E000F23C8 /* FavoritesListViewController.swift in Sources */,
				BC9A0843240048CB00FC73E4 /* ArtistListInteractor.swift in Sources */,
				BC9A084824004B6600FC73E4 /* LocalArtistRepository.swift in Sources */,
				9E67B8D92400FF6D000F23C8 /* FavoritesListContract.swift in Sources */,
				BC9A084D24004DC900FC73E4 /* CoreDataStack.swift in Sources */,
				9E67B8D62400FB23000F23C8 /* UIViewController+Ex.swift in Sources */,
				9E67B8C72400BD5D000F23C8 /* TrackDetailsContract.swift in Sources */,
				BC9A08542400561300FC73E4 /* Endpoint.swift in Sources */,
				9E82626223FF774C00342A8B /* Environment.swift in Sources */,
				9E67B8E4240106C1000F23C8 /* FavoritesListRouter.swift in Sources */,
				9E67B8D12400CD42000F23C8 /* TrackDetailsPresenter.swift in Sources */,
				BC9A083C24003E6000FC73E4 /* ArtistListContract.swift in Sources */,
				BC9A08532400561300FC73E4 /* API.swift in Sources */,
				BC9A083F2400455B00FC73E4 /* ArtistsListPresentter.swift in Sources */,
				BC9A084B24004D0E00FC73E4 /* LocalStore.swift in Sources */,
				BC9A08522400561300FC73E4 /* ApiClient.swift in Sources */,
				9E67B8CC2400BF64000F23C8 /* TrackDetailsViewController.swift in Sources */,
				BC9A085C2400592100FC73E4 /* TrackEntity+CoreDataProperties.swift in Sources */,
				BC9A086024005E6F00FC73E4 /* RemoteArtistRepository.swift in Sources */,
				9E67B8CF2400BFD3000F23C8 /* TrackDetailsRouter.swift in Sources */,
				BC9A08382400235100FC73E4 /* ArtistModel.swift in Sources */,
				BC9A08412400481300FC73E4 /* ArtistListRouter.swift in Sources */,
				BC9A08352400153300FC73E4 /* ArtistViewController.swift in Sources */,
				BC9A085B2400592100FC73E4 /* TrackEntity+CoreDataClass.swift in Sources */,
				BC9A085E240059FC00FC73E4 /* iTunesModel.xcdatamodel in Sources */,
				9E67B8E2240104B3000F23C8 /* FavoritesListInteractor.swift in Sources */,
				9E67B8E0240102D8000F23C8 /* FavoritesListPresenter.swift in Sources */,
				9E67B8C32400A57C000F23C8 /* ApplicationFactory.swift in Sources */,
				9E41166C23FF704E00465FF8 /* AppDelegate.swift in Sources */,
			);
			runOnlyForDeploymentPostprocessing = 0;
		};
		9E41167A23FF704F00465FF8 /* Sources */ = {
			isa = PBXSourcesBuildPhase;
			buildActionMask = 2147483647;
			files = (
				9E41168323FF704F00465FF8 /* iTunesFavoriteAppTests.swift in Sources */,
			);
			runOnlyForDeploymentPostprocessing = 0;
		};
/* End PBXSourcesBuildPhase section */

/* Begin PBXTargetDependency section */
		9E41168023FF704F00465FF8 /* PBXTargetDependency */ = {
			isa = PBXTargetDependency;
			target = 9E41166723FF704E00465FF8 /* iTunesFavoriteApp */;
			targetProxy = 9E41167F23FF704F00465FF8 /* PBXContainerItemProxy */;
		};
/* End PBXTargetDependency section */

/* Begin PBXVariantGroup section */
		9E41167623FF704F00465FF8 /* LaunchScreen.storyboard */ = {
			isa = PBXVariantGroup;
			children = (
				9E41167723FF704F00465FF8 /* Base */,
			);
			name = LaunchScreen.storyboard;
			sourceTree = "<group>";
		};
/* End PBXVariantGroup section */

/* Begin XCBuildConfiguration section */
		9E41168523FF704F00465FF8 /* Debug */ = {
			isa = XCBuildConfiguration;
			buildSettings = {
				ALWAYS_SEARCH_USER_PATHS = NO;
				CLANG_ANALYZER_NONNULL = YES;
				CLANG_ANALYZER_NUMBER_OBJECT_CONVERSION = YES_AGGRESSIVE;
				CLANG_CXX_LANGUAGE_STANDARD = "gnu++14";
				CLANG_CXX_LIBRARY = "libc++";
				CLANG_ENABLE_MODULES = YES;
				CLANG_ENABLE_OBJC_ARC = YES;
				CLANG_ENABLE_OBJC_WEAK = YES;
				CLANG_WARN_BLOCK_CAPTURE_AUTORELEASING = YES;
				CLANG_WARN_BOOL_CONVERSION = YES;
				CLANG_WARN_COMMA = YES;
				CLANG_WARN_CONSTANT_CONVERSION = YES;
				CLANG_WARN_DEPRECATED_OBJC_IMPLEMENTATIONS = YES;
				CLANG_WARN_DIRECT_OBJC_ISA_USAGE = YES_ERROR;
				CLANG_WARN_DOCUMENTATION_COMMENTS = YES;
				CLANG_WARN_EMPTY_BODY = YES;
				CLANG_WARN_ENUM_CONVERSION = YES;
				CLANG_WARN_INFINITE_RECURSION = YES;
				CLANG_WARN_INT_CONVERSION = YES;
				CLANG_WARN_NON_LITERAL_NULL_CONVERSION = YES;
				CLANG_WARN_OBJC_IMPLICIT_RETAIN_SELF = YES;
				CLANG_WARN_OBJC_LITERAL_CONVERSION = YES;
				CLANG_WARN_OBJC_ROOT_CLASS = YES_ERROR;
				CLANG_WARN_RANGE_LOOP_ANALYSIS = YES;
				CLANG_WARN_STRICT_PROTOTYPES = YES;
				CLANG_WARN_SUSPICIOUS_MOVE = YES;
				CLANG_WARN_UNGUARDED_AVAILABILITY = YES_AGGRESSIVE;
				CLANG_WARN_UNREACHABLE_CODE = YES;
				CLANG_WARN__DUPLICATE_METHOD_MATCH = YES;
				COPY_PHASE_STRIP = NO;
				DEBUG_INFORMATION_FORMAT = dwarf;
				ENABLE_STRICT_OBJC_MSGSEND = YES;
				ENABLE_TESTABILITY = YES;
				GCC_C_LANGUAGE_STANDARD = gnu11;
				GCC_DYNAMIC_NO_PIC = NO;
				GCC_NO_COMMON_BLOCKS = YES;
				GCC_OPTIMIZATION_LEVEL = 0;
				GCC_PREPROCESSOR_DEFINITIONS = (
					"DEBUG=1",
					"$(inherited)",
				);
				GCC_WARN_64_TO_32_BIT_CONVERSION = YES;
				GCC_WARN_ABOUT_RETURN_TYPE = YES_ERROR;
				GCC_WARN_UNDECLARED_SELECTOR = YES;
				GCC_WARN_UNINITIALIZED_AUTOS = YES_AGGRESSIVE;
				GCC_WARN_UNUSED_FUNCTION = YES;
				GCC_WARN_UNUSED_VARIABLE = YES;
				IPHONEOS_DEPLOYMENT_TARGET = 13.2;
				MTL_ENABLE_DEBUG_INFO = INCLUDE_SOURCE;
				MTL_FAST_MATH = YES;
				ONLY_ACTIVE_ARCH = YES;
				SDKROOT = iphoneos;
				SWIFT_ACTIVE_COMPILATION_CONDITIONS = DEBUG;
				SWIFT_OPTIMIZATION_LEVEL = "-Onone";
			};
			name = Debug;
		};
		9E41168623FF704F00465FF8 /* Release */ = {
			isa = XCBuildConfiguration;
			buildSettings = {
				ALWAYS_SEARCH_USER_PATHS = NO;
				CLANG_ANALYZER_NONNULL = YES;
				CLANG_ANALYZER_NUMBER_OBJECT_CONVERSION = YES_AGGRESSIVE;
				CLANG_CXX_LANGUAGE_STANDARD = "gnu++14";
				CLANG_CXX_LIBRARY = "libc++";
				CLANG_ENABLE_MODULES = YES;
				CLANG_ENABLE_OBJC_ARC = YES;
				CLANG_ENABLE_OBJC_WEAK = YES;
				CLANG_WARN_BLOCK_CAPTURE_AUTORELEASING = YES;
				CLANG_WARN_BOOL_CONVERSION = YES;
				CLANG_WARN_COMMA = YES;
				CLANG_WARN_CONSTANT_CONVERSION = YES;
				CLANG_WARN_DEPRECATED_OBJC_IMPLEMENTATIONS = YES;
				CLANG_WARN_DIRECT_OBJC_ISA_USAGE = YES_ERROR;
				CLANG_WARN_DOCUMENTATION_COMMENTS = YES;
				CLANG_WARN_EMPTY_BODY = YES;
				CLANG_WARN_ENUM_CONVERSION = YES;
				CLANG_WARN_INFINITE_RECURSION = YES;
				CLANG_WARN_INT_CONVERSION = YES;
				CLANG_WARN_NON_LITERAL_NULL_CONVERSION = YES;
				CLANG_WARN_OBJC_IMPLICIT_RETAIN_SELF = YES;
				CLANG_WARN_OBJC_LITERAL_CONVERSION = YES;
				CLANG_WARN_OBJC_ROOT_CLASS = YES_ERROR;
				CLANG_WARN_RANGE_LOOP_ANALYSIS = YES;
				CLANG_WARN_STRICT_PROTOTYPES = YES;
				CLANG_WARN_SUSPICIOUS_MOVE = YES;
				CLANG_WARN_UNGUARDED_AVAILABILITY = YES_AGGRESSIVE;
				CLANG_WARN_UNREACHABLE_CODE = YES;
				CLANG_WARN__DUPLICATE_METHOD_MATCH = YES;
				COPY_PHASE_STRIP = NO;
				DEBUG_INFORMATION_FORMAT = "dwarf-with-dsym";
				ENABLE_NS_ASSERTIONS = NO;
				ENABLE_STRICT_OBJC_MSGSEND = YES;
				GCC_C_LANGUAGE_STANDARD = gnu11;
				GCC_NO_COMMON_BLOCKS = YES;
				GCC_WARN_64_TO_32_BIT_CONVERSION = YES;
				GCC_WARN_ABOUT_RETURN_TYPE = YES_ERROR;
				GCC_WARN_UNDECLARED_SELECTOR = YES;
				GCC_WARN_UNINITIALIZED_AUTOS = YES_AGGRESSIVE;
				GCC_WARN_UNUSED_FUNCTION = YES;
				GCC_WARN_UNUSED_VARIABLE = YES;
				IPHONEOS_DEPLOYMENT_TARGET = 13.2;
				MTL_ENABLE_DEBUG_INFO = NO;
				MTL_FAST_MATH = YES;
				SDKROOT = iphoneos;
				SWIFT_COMPILATION_MODE = wholemodule;
				SWIFT_OPTIMIZATION_LEVEL = "-O";
				VALIDATE_PRODUCT = YES;
			};
			name = Release;
		};
		9E41168823FF704F00465FF8 /* Debug */ = {
			isa = XCBuildConfiguration;
			baseConfigurationReference = DA034F1C78A673FDF7F08B8C /* Pods-iTunesFavoriteApp.debug.xcconfig */;
			buildSettings = {
				ASSETCATALOG_COMPILER_APPICON_NAME = AppIcon;
				CODE_SIGN_STYLE = Automatic;
				DEVELOPMENT_TEAM = K75SLP959S;
				INFOPLIST_FILE = "iTunesFavoriteApp/app-resources/Info.plist";
				IPHONEOS_DEPLOYMENT_TARGET = 11.0;
				LD_RUNPATH_SEARCH_PATHS = (
					"$(inherited)",
					"@executable_path/Frameworks",
				);
				PRODUCT_BUNDLE_IDENTIFIER = cl.jpf.itunes.favorites.iTunesFavoriteApp;
				PRODUCT_NAME = "$(TARGET_NAME)";
				SWIFT_VERSION = 5.0;
				TARGETED_DEVICE_FAMILY = "1,2";
			};
			name = Debug;
		};
		9E41168923FF704F00465FF8 /* Release */ = {
			isa = XCBuildConfiguration;
			baseConfigurationReference = 25FE3858F2CC9D8E640E6D24 /* Pods-iTunesFavoriteApp.release.xcconfig */;
			buildSettings = {
				ASSETCATALOG_COMPILER_APPICON_NAME = AppIcon;
				CODE_SIGN_STYLE = Automatic;
				DEVELOPMENT_TEAM = K75SLP959S;
				INFOPLIST_FILE = "iTunesFavoriteApp/app-resources/Info.plist";
				IPHONEOS_DEPLOYMENT_TARGET = 11.0;
				LD_RUNPATH_SEARCH_PATHS = (
					"$(inherited)",
					"@executable_path/Frameworks",
				);
				PRODUCT_BUNDLE_IDENTIFIER = cl.jpf.itunes.favorites.iTunesFavoriteApp;
				PRODUCT_NAME = "$(TARGET_NAME)";
				SWIFT_VERSION = 5.0;
				TARGETED_DEVICE_FAMILY = "1,2";
			};
			name = Release;
		};
		9E41168B23FF704F00465FF8 /* Debug */ = {
			isa = XCBuildConfiguration;
			baseConfigurationReference = EF0D2C4714DC6CBEF2FF4548 /* Pods-iTunesFavoriteAppTests.debug.xcconfig */;
			buildSettings = {
				ALWAYS_EMBED_SWIFT_STANDARD_LIBRARIES = YES;
				BUNDLE_LOADER = "$(TEST_HOST)";
				CODE_SIGN_STYLE = Automatic;
				DEVELOPMENT_TEAM = K75SLP959S;
				INFOPLIST_FILE = iTunesFavoriteAppTests/Info.plist;
				IPHONEOS_DEPLOYMENT_TARGET = 13.2;
				LD_RUNPATH_SEARCH_PATHS = (
					"$(inherited)",
					"@executable_path/Frameworks",
					"@loader_path/Frameworks",
				);
				PRODUCT_BUNDLE_IDENTIFIER = cl.jpf.itunes.favorites.iTunesFavoriteAppTests;
				PRODUCT_NAME = "$(TARGET_NAME)";
				SWIFT_VERSION = 5.0;
				TARGETED_DEVICE_FAMILY = "1,2";
				TEST_HOST = "$(BUILT_PRODUCTS_DIR)/iTunesFavoriteApp.app/iTunesFavoriteApp";
			};
			name = Debug;
		};
		9E41168C23FF704F00465FF8 /* Release */ = {
			isa = XCBuildConfiguration;
			baseConfigurationReference = 0675F793198103021BA2C264 /* Pods-iTunesFavoriteAppTests.release.xcconfig */;
			buildSettings = {
				ALWAYS_EMBED_SWIFT_STANDARD_LIBRARIES = YES;
				BUNDLE_LOADER = "$(TEST_HOST)";
				CODE_SIGN_STYLE = Automatic;
				DEVELOPMENT_TEAM = K75SLP959S;
				INFOPLIST_FILE = iTunesFavoriteAppTests/Info.plist;
				IPHONEOS_DEPLOYMENT_TARGET = 13.2;
				LD_RUNPATH_SEARCH_PATHS = (
					"$(inherited)",
					"@executable_path/Frameworks",
					"@loader_path/Frameworks",
				);
				PRODUCT_BUNDLE_IDENTIFIER = cl.jpf.itunes.favorites.iTunesFavoriteAppTests;
				PRODUCT_NAME = "$(TARGET_NAME)";
				SWIFT_VERSION = 5.0;
				TARGETED_DEVICE_FAMILY = "1,2";
				TEST_HOST = "$(BUILT_PRODUCTS_DIR)/iTunesFavoriteApp.app/iTunesFavoriteApp";
			};
			name = Release;
		};
/* End XCBuildConfiguration section */

/* Begin XCConfigurationList section */
		9E41166323FF704E00465FF8 /* Build configuration list for PBXProject "iTunesFavoriteApp" */ = {
			isa = XCConfigurationList;
			buildConfigurations = (
				9E41168523FF704F00465FF8 /* Debug */,
				9E41168623FF704F00465FF8 /* Release */,
			);
			defaultConfigurationIsVisible = 0;
			defaultConfigurationName = Release;
		};
		9E41168723FF704F00465FF8 /* Build configuration list for PBXNativeTarget "iTunesFavoriteApp" */ = {
			isa = XCConfigurationList;
			buildConfigurations = (
				9E41168823FF704F00465FF8 /* Debug */,
				9E41168923FF704F00465FF8 /* Release */,
			);
			defaultConfigurationIsVisible = 0;
			defaultConfigurationName = Release;
		};
		9E41168A23FF704F00465FF8 /* Build configuration list for PBXNativeTarget "iTunesFavoriteAppTests" */ = {
			isa = XCConfigurationList;
			buildConfigurations = (
				9E41168B23FF704F00465FF8 /* Debug */,
				9E41168C23FF704F00465FF8 /* Release */,
			);
			defaultConfigurationIsVisible = 0;
			defaultConfigurationName = Release;
		};
/* End XCConfigurationList section */
	};
	rootObject = 9E41166023FF704E00465FF8 /* Project object */;
}
